
Microsoft Visual Studio Solution File, Format Version 12.00
# Visual Studio Version 17
VisualStudioVersion = 17.5.002.0
MinimumVisualStudioVersion = 10.0.40219.1
Project("{9A19103F-16F7-4668-BE54-9A1E7A4F7556}") = "DotnetUserManagementSystem", "DotnetUserManagementSystem.csproj", "{066B1F91-DA9A-4B97-98B4-CA79931E6974}"
EndProject
Global
	GlobalSection(SolutionConfigurationPlatforms) = preSolution
		Debug|Any CPU = Debug|Any CPU
		Release|Any CPU = Release|Any CPU
	EndGlobalSection
	GlobalSection(ProjectConfigurationPlatforms) = postSolution
		{066B1F91-DA9A-4B97-98B4-CA79931E6974}.Debug|Any CPU.ActiveCfg = Debug|Any CPU
		{066B1F91-DA9A-4B97-98B4-CA79931E6974}.Debug|Any CPU.Build.0 = Debug|Any CPU
		{066B1F91-DA9A-4B97-98B4-CA79931E6974}.Release|Any CPU.ActiveCfg = Release|Any CPU
		{066B1F91-DA9A-4B97-98B4-CA79931E6974}.Release|Any CPU.Build.0 = Release|Any CPU
	EndGlobalSection
	GlobalSection(SolutionProperties) = preSolution
		HideSolutionNode = FALSE
	EndGlobalSection
	GlobalSection(ExtensibilityGlobals) = postSolution
		SolutionGuid = {8971E39A-92BE-458E-AC09-FF48713B4DD2}
	EndGlobalSection
EndGlobal
